
Microsoft Visual Studio Solution File, Format Version 12.00
# Visual Studio 2013
VisualStudioVersion = 12.0.21005.1
MinimumVisualStudioVersion = 10.0.40219.1
Project("{FAE04EC0-301F-11D3-BF4B-00C04F79EFBC}") = "LWA", "LWA\LWA.csproj", "{AD04F8BE-746F-4C76-8869-A8EACC86E9E2}"
EndProject
Global
	GlobalSection(SolutionConfigurationPlatforms) = preSolution
		Debug|Any CPU = Debug|Any CPU
		Release|Any CPU = Release|Any CPU
	EndGlobalSection
	GlobalSection(ProjectConfigurationPlatforms) = postSolution
		{AD04F8BE-746F-4C76-8869-A8EACC86E9E2}.Debug|Any CPU.ActiveCfg = Debug|Any CPU
		{AD04F8BE-746F-4C76-8869-A8EACC86E9E2}.Debug|Any CPU.Build.0 = Debug|Any CPU
		{AD04F8BE-746F-4C76-8869-A8EACC86E9E2}.Release|Any CPU.ActiveCfg = Release|Any CPU
		{AD04F8BE-746F-4C76-8869-A8EACC86E9E2}.Release|Any CPU.Build.0 = Release|Any CPU
	EndGlobalSection
	GlobalSection(SolutionProperties) = preSolution
		HideSolutionNode = FALSE
	EndGlobalSection
EndGlobal
